
Microsoft Visual Studio Solution File, Format Version 12.00
# Visual Studio Version 16
VisualStudioVersion = 16.0.29025.244
MinimumVisualStudioVersion = 10.0.40219.1
Project("{FAE04EC0-301F-11D3-BF4B-00C04F79EFBC}") = "Task2.4", "Task2.4.csproj", "{3396ADE8-0ADB-41A0-9C8F-6E54289093A3}"
EndProject
Global
	GlobalSection(SolutionConfigurationPlatforms) = preSolution
		Debug|Any CPU = Debug|Any CPU
		Release|Any CPU = Release|Any CPU
	EndGlobalSection
	GlobalSection(ProjectConfigurationPlatforms) = postSolution
		{3396ADE8-0ADB-41A0-9C8F-6E54289093A3}.Debug|Any CPU.ActiveCfg = Debug|Any CPU
		{3396ADE8-0ADB-41A0-9C8F-6E54289093A3}.Debug|Any CPU.Build.0 = Debug|Any CPU
		{3396ADE8-0ADB-41A0-9C8F-6E54289093A3}.Release|Any CPU.ActiveCfg = Release|Any CPU
		{3396ADE8-0ADB-41A0-9C8F-6E54289093A3}.Release|Any CPU.Build.0 = Release|Any CPU
	EndGlobalSection
	GlobalSection(SolutionProperties) = preSolution
		HideSolutionNode = FALSE
	EndGlobalSection
	GlobalSection(ExtensibilityGlobals) = postSolution
		SolutionGuid = {26900879-BF79-4B76-B13B-FDD73E94FD57}
	EndGlobalSection
EndGlobal
