
Microsoft Visual Studio Solution File, Format Version 12.00
# Visual Studio Version 16
VisualStudioVersion = 16.0.29025.244
MinimumVisualStudioVersion = 10.0.40219.1
Project("{FAE04EC0-301F-11D3-BF4B-00C04F79EFBC}") = "Task4", "Task4.csproj", "{3280F101-1862-4BC1-B18E-34AF200FEF6F}"
EndProject
Global
	GlobalSection(SolutionConfigurationPlatforms) = preSolution
		Debug|Any CPU = Debug|Any CPU
		Release|Any CPU = Release|Any CPU
	EndGlobalSection
	GlobalSection(ProjectConfigurationPlatforms) = postSolution
		{3280F101-1862-4BC1-B18E-34AF200FEF6F}.Debug|Any CPU.ActiveCfg = Debug|Any CPU
		{3280F101-1862-4BC1-B18E-34AF200FEF6F}.Debug|Any CPU.Build.0 = Debug|Any CPU
		{3280F101-1862-4BC1-B18E-34AF200FEF6F}.Release|Any CPU.ActiveCfg = Release|Any CPU
		{3280F101-1862-4BC1-B18E-34AF200FEF6F}.Release|Any CPU.Build.0 = Release|Any CPU
	EndGlobalSection
	GlobalSection(SolutionProperties) = preSolution
		HideSolutionNode = FALSE
	EndGlobalSection
	GlobalSection(ExtensibilityGlobals) = postSolution
		SolutionGuid = {90A57407-608D-41BD-AFD9-05C768892F2A}
	EndGlobalSection
EndGlobal
