
Microsoft Visual Studio Solution File, Format Version 12.00
# Visual Studio Version 16
VisualStudioVersion = 16.0.29025.244
MinimumVisualStudioVersion = 10.0.40219.1
Project("{FAE04EC0-301F-11D3-BF4B-00C04F79EFBC}") = "Task2.3", "Task2.3.csproj", "{6B724B96-BF97-4BFC-9C3A-2BC58E778C3A}"
EndProject
Global
	GlobalSection(SolutionConfigurationPlatforms) = preSolution
		Debug|Any CPU = Debug|Any CPU
		Release|Any CPU = Release|Any CPU
	EndGlobalSection
	GlobalSection(ProjectConfigurationPlatforms) = postSolution
		{6B724B96-BF97-4BFC-9C3A-2BC58E778C3A}.Debug|Any CPU.ActiveCfg = Debug|Any CPU
		{6B724B96-BF97-4BFC-9C3A-2BC58E778C3A}.Debug|Any CPU.Build.0 = Debug|Any CPU
		{6B724B96-BF97-4BFC-9C3A-2BC58E778C3A}.Release|Any CPU.ActiveCfg = Release|Any CPU
		{6B724B96-BF97-4BFC-9C3A-2BC58E778C3A}.Release|Any CPU.Build.0 = Release|Any CPU
	EndGlobalSection
	GlobalSection(SolutionProperties) = preSolution
		HideSolutionNode = FALSE
	EndGlobalSection
	GlobalSection(ExtensibilityGlobals) = postSolution
		SolutionGuid = {FE4131F0-4C40-480C-A030-5474E80134A9}
	EndGlobalSection
EndGlobal
