
Microsoft Visual Studio Solution File, Format Version 12.00
# Visual Studio Version 16
VisualStudioVersion = 16.0.29025.244
MinimumVisualStudioVersion = 10.0.40219.1
Project("{FAE04EC0-301F-11D3-BF4B-00C04F79EFBC}") = "Task2", "Task2.csproj", "{80D82357-A1BC-4178-B44A-2674393AE409}"
EndProject
Global
	GlobalSection(SolutionConfigurationPlatforms) = preSolution
		Debug|Any CPU = Debug|Any CPU
		Release|Any CPU = Release|Any CPU
	EndGlobalSection
	GlobalSection(ProjectConfigurationPlatforms) = postSolution
		{80D82357-A1BC-4178-B44A-2674393AE409}.Debug|Any CPU.ActiveCfg = Debug|Any CPU
		{80D82357-A1BC-4178-B44A-2674393AE409}.Debug|Any CPU.Build.0 = Debug|Any CPU
		{80D82357-A1BC-4178-B44A-2674393AE409}.Release|Any CPU.ActiveCfg = Release|Any CPU
		{80D82357-A1BC-4178-B44A-2674393AE409}.Release|Any CPU.Build.0 = Release|Any CPU
	EndGlobalSection
	GlobalSection(SolutionProperties) = preSolution
		HideSolutionNode = FALSE
	EndGlobalSection
	GlobalSection(ExtensibilityGlobals) = postSolution
		SolutionGuid = {F7438A88-5635-43C4-AFF9-64C42931C703}
	EndGlobalSection
EndGlobal
