
Microsoft Visual Studio Solution File, Format Version 12.00
# Visual Studio Version 16
VisualStudioVersion = 16.0.29025.244
MinimumVisualStudioVersion = 10.0.40219.1
Project("{FAE04EC0-301F-11D3-BF4B-00C04F79EFBC}") = "Task1.3", "Task1.3.csproj", "{93779BD1-227B-4030-8981-0C4DEE0BBA30}"
EndProject
Global
	GlobalSection(SolutionConfigurationPlatforms) = preSolution
		Debug|Any CPU = Debug|Any CPU
		Release|Any CPU = Release|Any CPU
	EndGlobalSection
	GlobalSection(ProjectConfigurationPlatforms) = postSolution
		{93779BD1-227B-4030-8981-0C4DEE0BBA30}.Debug|Any CPU.ActiveCfg = Debug|Any CPU
		{93779BD1-227B-4030-8981-0C4DEE0BBA30}.Debug|Any CPU.Build.0 = Debug|Any CPU
		{93779BD1-227B-4030-8981-0C4DEE0BBA30}.Release|Any CPU.ActiveCfg = Release|Any CPU
		{93779BD1-227B-4030-8981-0C4DEE0BBA30}.Release|Any CPU.Build.0 = Release|Any CPU
	EndGlobalSection
	GlobalSection(SolutionProperties) = preSolution
		HideSolutionNode = FALSE
	EndGlobalSection
	GlobalSection(ExtensibilityGlobals) = postSolution
		SolutionGuid = {27820EE5-4621-4D59-A98C-6AB9C1B5946A}
	EndGlobalSection
EndGlobal
